
Microsoft Visual Studio Solution File, Format Version 12.00
# Visual Studio 15
Project("{FAE04EC0-301F-11D3-BF4B-00C04F79EFBC}") = "csunity", "Assembly-CSharp.csproj", "{B7CB79B0-D2B1-F4B8-B154-ED66CC9027FB}"
EndProject
Project("{FAE04EC0-301F-11D3-BF4B-00C04F79EFBC}") = "csunity", "Assembly-CSharp-firstpass.csproj", "{42220639-E40D-3AD3-472B-9851F825EC9F}"
EndProject
Project("{FAE04EC0-301F-11D3-BF4B-00C04F79EFBC}") = "csunity", "Assembly-CSharp-Editor.csproj", "{313399DC-06E0-AB56-B425-53102C122439}"
EndProject
Project("{FAE04EC0-301F-11D3-BF4B-00C04F79EFBC}") = "CS.Tests", "CS.Tests\CS.Tests.csproj", "{E61A9AEF-644D-42D8-B6A7-8A30622927FE}"
EndProject
Global
	GlobalSection(SolutionConfigurationPlatforms) = preSolution
		Debug|Any CPU = Debug|Any CPU
		Release|Any CPU = Release|Any CPU
	EndGlobalSection
	GlobalSection(ProjectConfigurationPlatforms) = postSolution
		{B7CB79B0-D2B1-F4B8-B154-ED66CC9027FB}.Debug|Any CPU.ActiveCfg = Debug|Any CPU
		{B7CB79B0-D2B1-F4B8-B154-ED66CC9027FB}.Debug|Any CPU.Build.0 = Debug|Any CPU
		{B7CB79B0-D2B1-F4B8-B154-ED66CC9027FB}.Release|Any CPU.ActiveCfg = Release|Any CPU
		{B7CB79B0-D2B1-F4B8-B154-ED66CC9027FB}.Release|Any CPU.Build.0 = Release|Any CPU
		{42220639-E40D-3AD3-472B-9851F825EC9F}.Debug|Any CPU.ActiveCfg = Debug|Any CPU
		{42220639-E40D-3AD3-472B-9851F825EC9F}.Debug|Any CPU.Build.0 = Debug|Any CPU
		{42220639-E40D-3AD3-472B-9851F825EC9F}.Release|Any CPU.ActiveCfg = Release|Any CPU
		{42220639-E40D-3AD3-472B-9851F825EC9F}.Release|Any CPU.Build.0 = Release|Any CPU
		{313399DC-06E0-AB56-B425-53102C122439}.Debug|Any CPU.ActiveCfg = Debug|Any CPU
		{313399DC-06E0-AB56-B425-53102C122439}.Debug|Any CPU.Build.0 = Debug|Any CPU
		{313399DC-06E0-AB56-B425-53102C122439}.Release|Any CPU.ActiveCfg = Release|Any CPU
		{313399DC-06E0-AB56-B425-53102C122439}.Release|Any CPU.Build.0 = Release|Any CPU
		{E61A9AEF-644D-42D8-B6A7-8A30622927FE}.Debug|Any CPU.ActiveCfg = Debug|Any CPU
		{E61A9AEF-644D-42D8-B6A7-8A30622927FE}.Debug|Any CPU.Build.0 = Debug|Any CPU
		{E61A9AEF-644D-42D8-B6A7-8A30622927FE}.Release|Any CPU.ActiveCfg = Release|Any CPU
		{E61A9AEF-644D-42D8-B6A7-8A30622927FE}.Release|Any CPU.Build.0 = Release|Any CPU
	EndGlobalSection
	GlobalSection(SolutionProperties) = preSolution
		HideSolutionNode = FALSE
	EndGlobalSection
EndGlobal
