
Microsoft Visual Studio Solution File, Format Version 12.00
# Visual Studio 15
VisualStudioVersion = 15.0.27004.2008
MinimumVisualStudioVersion = 10.0.40219.1
Project("{FAE04EC0-301F-11D3-BF4B-00C04F79EFBC}") = "csunity", "csunity.csproj", "{D787ECE3-EC66-C960-D8CC-F8FBA21763A1}"
EndProject
Project("{FAE04EC0-301F-11D3-BF4B-00C04F79EFBC}") = "CS.Tests", "CS.Tests\CS.Tests.csproj", "{E61A9AEF-644D-42D8-B6A7-8A30622927FE}"
EndProject
Global
	GlobalSection(SolutionConfigurationPlatforms) = preSolution
		Debug|Any CPU = Debug|Any CPU
		Release|Any CPU = Release|Any CPU
	EndGlobalSection
	GlobalSection(ProjectConfigurationPlatforms) = postSolution
		{D787ECE3-EC66-C960-D8CC-F8FBA21763A1}.Debug|Any CPU.ActiveCfg = Debug|Any CPU
		{D787ECE3-EC66-C960-D8CC-F8FBA21763A1}.Debug|Any CPU.Build.0 = Debug|Any CPU
		{D787ECE3-EC66-C960-D8CC-F8FBA21763A1}.Release|Any CPU.ActiveCfg = Release|Any CPU
		{D787ECE3-EC66-C960-D8CC-F8FBA21763A1}.Release|Any CPU.Build.0 = Release|Any CPU
		{E61A9AEF-644D-42D8-B6A7-8A30622927FE}.Debug|Any CPU.ActiveCfg = Debug|Any CPU
		{E61A9AEF-644D-42D8-B6A7-8A30622927FE}.Debug|Any CPU.Build.0 = Debug|Any CPU
		{E61A9AEF-644D-42D8-B6A7-8A30622927FE}.Release|Any CPU.ActiveCfg = Release|Any CPU
		{E61A9AEF-644D-42D8-B6A7-8A30622927FE}.Release|Any CPU.Build.0 = Release|Any CPU
	EndGlobalSection
	GlobalSection(SolutionProperties) = preSolution
		HideSolutionNode = FALSE
	EndGlobalSection
	GlobalSection(ExtensibilityGlobals) = postSolution
		SolutionGuid = {99551313-60BE-4029-8886-C906B1D393DC}
	EndGlobalSection
EndGlobal
