Microsoft Visual Studio Solution File, Format Version 11.00
# Visual Studio 2008

Project("{1253F749-685C-8DDC-4BFC-82690C5E4068}") = "Cultist Simulator", "Assembly-CSharp.csproj", "{9771FE01-6023-EE4B-86E9-E9736E602955}"
EndProject
Project("{1253F749-685C-8DDC-4BFC-82690C5E4068}") = "Cultist Simulator", "Assembly-CSharp-Editor.csproj", "{FD97B880-60C4-7EA7-36F7-ACAE1F24960D}"
EndProject
Project("{1253F749-685C-8DDC-4BFC-82690C5E4068}") = "Cultist Simulator", "Assembly-UnityScript.unityproj", "{956BA168-5FE1-181A-7B40-69E96748760C}"
EndProject
Global
	GlobalSection(SolutionConfigurationPlatforms) = preSolution
		Debug|Any CPU = Debug|Any CPU
		Release|Any CPU = Release|Any CPU
	EndGlobalSection
	GlobalSection(ProjectConfigurationPlatforms) = postSolution
		{9771FE01-6023-EE4B-86E9-E9736E602955}.Debug|Any CPU.ActiveCfg = Debug|Any CPU
		{9771FE01-6023-EE4B-86E9-E9736E602955}.Debug|Any CPU.Build.0 = Debug|Any CPU
		{9771FE01-6023-EE4B-86E9-E9736E602955}.Release|Any CPU.ActiveCfg = Release|Any CPU
		{9771FE01-6023-EE4B-86E9-E9736E602955}.Release|Any CPU.Build.0 = Release|Any CPU
		{FD97B880-60C4-7EA7-36F7-ACAE1F24960D}.Debug|Any CPU.ActiveCfg = Debug|Any CPU
		{FD97B880-60C4-7EA7-36F7-ACAE1F24960D}.Debug|Any CPU.Build.0 = Debug|Any CPU
		{FD97B880-60C4-7EA7-36F7-ACAE1F24960D}.Release|Any CPU.ActiveCfg = Release|Any CPU
		{FD97B880-60C4-7EA7-36F7-ACAE1F24960D}.Release|Any CPU.Build.0 = Release|Any CPU
		{956BA168-5FE1-181A-7B40-69E96748760C}.Debug|Any CPU.ActiveCfg = Debug|Any CPU
		{956BA168-5FE1-181A-7B40-69E96748760C}.Debug|Any CPU.Build.0 = Debug|Any CPU
		{956BA168-5FE1-181A-7B40-69E96748760C}.Release|Any CPU.ActiveCfg = Release|Any CPU
		{956BA168-5FE1-181A-7B40-69E96748760C}.Release|Any CPU.Build.0 = Release|Any CPU
	EndGlobalSection
	GlobalSection(SolutionProperties) = preSolution
		HideSolutionNode = FALSE
	EndGlobalSection
	GlobalSection(MonoDevelopProperties) = preSolution
		StartupItem = Assembly-CSharp.csproj
	EndGlobalSection
EndGlobal
