
Microsoft Visual Studio Solution File, Format Version 11.00
# Visual Studio 2010
Project("{FAE04EC0-301F-11D3-BF4B-00C04F79EFBC}") = "CultistSimulator", "Assembly-CSharp.csproj", "{002A7B7E-372B-2EE5-40FF-FA9D219F60DB}"
EndProject
Project("{FAE04EC0-301F-11D3-BF4B-00C04F79EFBC}") = "CultistSimulator", "Assembly-CSharp-Editor.csproj", "{EBF934B7-8BDD-31F1-561B-8EA8BFF42833}"
EndProject
Global
	GlobalSection(SolutionConfigurationPlatforms) = preSolution
		Debug|Any CPU = Debug|Any CPU
		Release|Any CPU = Release|Any CPU
	EndGlobalSection
	GlobalSection(ProjectConfigurationPlatforms) = postSolution
		{002A7B7E-372B-2EE5-40FF-FA9D219F60DB}.Debug|Any CPU.ActiveCfg = Debug|Any CPU
		{002A7B7E-372B-2EE5-40FF-FA9D219F60DB}.Debug|Any CPU.Build.0 = Debug|Any CPU
		{002A7B7E-372B-2EE5-40FF-FA9D219F60DB}.Release|Any CPU.ActiveCfg = Release|Any CPU
		{002A7B7E-372B-2EE5-40FF-FA9D219F60DB}.Release|Any CPU.Build.0 = Release|Any CPU
		{EBF934B7-8BDD-31F1-561B-8EA8BFF42833}.Debug|Any CPU.ActiveCfg = Debug|Any CPU
		{EBF934B7-8BDD-31F1-561B-8EA8BFF42833}.Debug|Any CPU.Build.0 = Debug|Any CPU
		{EBF934B7-8BDD-31F1-561B-8EA8BFF42833}.Release|Any CPU.ActiveCfg = Release|Any CPU
		{EBF934B7-8BDD-31F1-561B-8EA8BFF42833}.Release|Any CPU.Build.0 = Release|Any CPU
	EndGlobalSection
	GlobalSection(SolutionProperties) = preSolution
		HideSolutionNode = FALSE
	EndGlobalSection
	GlobalSection(MonoDevelopProperties) = preSolution
		StartupItem = Assembly-CSharp.csproj
	EndGlobalSection
EndGlobal
